# @generated by Move, please check-in and do not edit manually.

[move]
version = 3
manifest_digest = "34820A4F5BDD797F93C0350AA7A1C8B454C06030DE22D8BC892848427B828414"
deps_digest = "F8BBB0CCB2491CA29A3DF03D6F92277A4F3574266507ACD77214D37ECA3F3082"
dependencies = [
  { id = "Sui", name = "Sui" },
]

[[move.package]]
id = "MoveStdlib"
source = { git = "https://github.com/MystenLabs/sui.git", rev = "framework/testnet", subdir = "crates/sui-framework/packages/move-stdlib" }

[[move.package]]
id = "Sui"
source = { git = "https://github.com/MystenLabs/sui.git", rev = "framework/testnet", subdir = "crates/sui-framework/packages/sui-framework" }

dependencies = [
  { id = "MoveStdlib", name = "MoveStdlib" },
]

[move.toolchain-version]
compiler-version = "1.54.0"
edition = "2024.beta"
flavor = "sui"

[env]

[env.testnet]
chain-id = "4c78adac"
original-published-id = "0x6d169a7fe1fad254df4b1bb62560944d817175ea0be5dda9b2b3e7d511b98d76"
latest-published-id = "0x6d169a7fe1fad254df4b1bb62560944d817175ea0be5dda9b2b3e7d511b98d76"
published-version = "1"
